<?xml version="1.0" encoding="utf-8"?>
<Project ToolsVersion="4.0" xmlns="http://schemas.microsoft.com/developer/msbuild/2003">
  <ItemGroup>
    <Filter Include="Source Files">
      <UniqueIdentifier>{4FC737F1-C7A5-4376-A066-2A32D752A2FF}</UniqueIdentifier>
      <Extensions>cpp;c;cc;cxx;def;odl;idl;hpj;bat;asm;asmx</Extensions>
    </Filter>
    <Filter Include="Header Files">
      <UniqueIdentifier>{93995380-89BD-4b04-88EB-625FBE52EBFB}</UniqueIdentifier>
      <Extensions>h;hpp;hxx;hm;inl;inc;xsd</Extensions>
    </Filter>
    <Filter Include="Resource Files">
      <UniqueIdentifier>{67DA6AB6-F800-4c08-8B7A-83BB121AAD01}</UniqueIdentifier>
      <Extensions>rc;ico;cur;bmp;dlg;rc2;rct;bin;rgs;gif;jpg;jpeg;jpe;resx;tiff;tif;png;wav</Extensions>
    </Filter>
  </ItemGroup>
  <ItemGroup>
    <ClCompile Include="CmAviHelper.cpp">
      <Filter>Source Files</Filter>
    </ClCompile>
    <ClCompile Include="CmComand.cpp">
      <Filter>Source Files</Filter>
    </ClCompile>
    <ClCompile Include="CmConsoleWindow.cpp">
      <Filter>Source Files</Filter>
    </ClCompile>
    <ClCompile Include="CmCvHelper.cpp">
      <Filter>Source Files</Filter>
    </ClCompile>
    <ClCompile Include="CmFaceDetect.cpp">
      <Filter>Source Files</Filter>
    </ClCompile>
    <ClCompile Include="CmFile.cpp">
      <Filter>Source Files</Filter>
    </ClCompile>
    <ClCompile Include="CmGMM.cpp">
      <Filter>Source Files</Filter>
    </ClCompile>
    <ClCompile Include="CmImageAttention.cpp">
      <Filter>Source Files</Filter>
    </ClCompile>
    <ClCompile Include="CmImportance.cpp">
      <Filter>Source Files</Filter>
    </ClCompile>
    <ClCompile Include="CmLog.cpp">
      <Filter>Source Files</Filter>
    </ClCompile>
    <ClCompile Include="CmNormalizeImgs.cpp">
      <Filter>Source Files</Filter>
    </ClCompile>
    <ClCompile Include="CmSetting.cpp">
      <Filter>Source Files</Filter>
    </ClCompile>
    <ClCompile Include="CmShapeContext.cpp">
      <Filter>Source Files</Filter>
    </ClCompile>
    <ClCompile Include="CmShow.cpp">
      <Filter>Source Files</Filter>
    </ClCompile>
    <ClCompile Include="CmWindow.cpp">
      <Filter>Source Files</Filter>
    </ClCompile>
    <ClCompile Include="CommonLib.cpp">
      <Filter>Source Files</Filter>
    </ClCompile>
    <ClCompile Include="stdafx.cpp">
      <Filter>Source Files</Filter>
    </ClCompile>
  </ItemGroup>
  <ItemGroup>
    <ClInclude Include="CmArray.h">
      <Filter>Header Files</Filter>
    </ClInclude>
    <ClInclude Include="CmAviHelper.h">
      <Filter>Header Files</Filter>
    </ClInclude>
    <ClInclude Include="CmComand.h">
      <Filter>Header Files</Filter>
    </ClInclude>
    <ClInclude Include="CmConsoleWindow.h">
      <Filter>Header Files</Filter>
    </ClInclude>
    <ClInclude Include="CmCvHelper.h">
      <Filter>Header Files</Filter>
    </ClInclude>
    <ClInclude Include="CmFaceDetect.h">
      <Filter>Header Files</Filter>
    </ClInclude>
    <ClInclude Include="CmFile.h">
      <Filter>Header Files</Filter>
    </ClInclude>
    <ClInclude Include="CmGMM.h">
      <Filter>Header Files</Filter>
    </ClInclude>
    <ClInclude Include="CmImageAttention.h">
      <Filter>Header Files</Filter>
    </ClInclude>
    <ClInclude Include="CmImportance.h">
      <Filter>Header Files</Filter>
    </ClInclude>
    <ClInclude Include="CmLog.h">
      <Filter>Header Files</Filter>
    </ClInclude>
    <ClInclude Include="CmNormalizeImgs.h">
      <Filter>Header Files</Filter>
    </ClInclude>
    <ClInclude Include="CmSetting.h">
      <Filter>Header Files</Filter>
    </ClInclude>
    <ClInclude Include="CmShapeContext.h">
      <Filter>Header Files</Filter>
    </ClInclude>
    <ClInclude Include="CmShow.h">
      <Filter>Header Files</Filter>
    </ClInclude>
    <ClInclude Include="CmWindow.h">
      <Filter>Header Files</Filter>
    </ClInclude>
    <ClInclude Include="CommonLib.h">
      <Filter>Header Files</Filter>
    </ClInclude>
    <ClInclude Include="stdafx.h">
      <Filter>Header Files</Filter>
    </ClInclude>
    <ClInclude Include="targetver.h">
      <Filter>Resource Files</Filter>
    </ClInclude>
  </ItemGroup>
  <ItemGroup>
    <Text Include="ReadMe.txt">
      <Filter>Resource Files</Filter>
    </Text>
  </ItemGroup>
</Project>